PODS:
  - LTCallSDK (5.1.0)
  - LTIMSDK (5.1.0)
  - LTSDK (5.1.0)

DEPENDENCIES:
  - LTCallSDK
  - LTIMSDK
  - LTSDK

SPEC REPOS:
  trunk:
    - LTCallSDK
    - LTIMSDK
    - LTSDK

SPEC CHECKSUMS:
  LTCallSDK: 811842f951f07a844bde9c97cabe0053cecb4c81
  LTIMSDK: 61d96b84e05b1dbb70c93cf76855963877438277
  LTSDK: 4b86334873e14fdcbbf819378d44903f91715ade

PODFILE CHECKSUM: 8a55be10137379290469fb88e01d252a484efbe2

COCOAPODS: 1.10.1
